// !$*UTF8*$!
{
	archiveVersion = 1;
	classes = {
	};
	objectVersion = 50;
	objects = {

/* Begin PBXBuildFile section */
		15B3BE9C23D771590075F8B4 /* WebView.swift in Sources */ = {isa = PBXBuildFile; fileRef = 15B3BE9B23D771590075F8B4 /* WebView.swift */; };
		15E362F423D659AF003E936E /* AppDelegate.swift in Sources */ = {isa = PBXBuildFile; fileRef = 15E362F323D659AF003E936E /* AppDelegate.swift */; };
		15E362F623D659AF003E936E /* SceneDelegate.swift in Sources */ = {isa = PBXBuildFile; fileRef = 15E362F523D659AF003E936E /* SceneDelegate.swift */; };
		15E362F823D659AF003E936E /* ContentView.swift in Sources */ = {isa = PBXBuildFile; fileRef = 15E362F723D659AF003E936E /* ContentView.swift */; };
		15E362FA23D659B1003E936E /* Assets.xcassets in Resources */ = {isa = PBXBuildFile; fileRef = 15E362F923D659B1003E936E /* Assets.xcassets */; };
		15E362FD23D659B1003E936E /* Preview Assets.xcassets in Resources */ = {isa = PBXBuildFile; fileRef = 15E362FC23D659B1003E936E /* Preview Assets.xcassets */; };
		15E3630023D659B1003E936E /* LaunchScreen.storyboard in Resources */ = {isa = PBXBuildFile; fileRef = 15E362FE23D659B1003E936E /* LaunchScreen.storyboard */; };
		15E3630923D660C9003E936E /* NetworkManager.swift in Sources */ = {isa = PBXBuildFile; fileRef = 15E3630823D660C9003E936E /* NetworkManager.swift */; };
		15E3630B23D661A8003E936E /* PostData.swift in Sources */ = {isa = PBXBuildFile; fileRef = 15E3630A23D661A8003E936E /* PostData.swift */; };
		15E3630E23D76C99003E936E /* DetailView.swift in Sources */ = {isa = PBXBuildFile; fileRef = 15E3630D23D76C99003E936E /* DetailView.swift */; };
/* End PBXBuildFile section */

/* Begin PBXFileReference section */
		15B3BE9B23D771590075F8B4 /* WebView.swift */ = {isa = PBXFileReference; lastKnownFileType = sourcecode.swift; path = WebView.swift; sourceTree = "<group>"; };
		15B3BE9D23D774680075F8B4 /* Hacker_Newsfeed.entitlements */ = {isa = PBXFileReference; lastKnownFileType = text.plist.entitlements; path = Hacker_Newsfeed.entitlements; sourceTree = "<group>"; };
		15E362F023D659AF003E936E /* Hacker_Newsfeed.app */ = {isa = PBXFileReference; explicitFileType = wrapper.application; includeInIndex = 0; path = Hacker_Newsfeed.app; sourceTree = BUILT_PRODUCTS_DIR; };
		15E362F323D659AF003E936E /* AppDelegate.swift */ = {isa = PBXFileReference; lastKnownFileType = sourcecode.swift; path = AppDelegate.swift; sourceTree = "<group>"; };
		15E362F523D659AF003E936E /* SceneDelegate.swift */ = {isa = PBXFileReference; lastKnownFileType = sourcecode.swift; path = SceneDelegate.swift; sourceTree = "<group>"; };
		15E362F723D659AF003E936E /* ContentView.swift */ = {isa = PBXFileReference; lastKnownFileType = sourcecode.swift; path = ContentView.swift; sourceTree = "<group>"; };
		15E362F923D659B1003E936E /* Assets.xcassets */ = {isa = PBXFileReference; lastKnownFileType = folder.assetcatalog; path = Assets.xcassets; sourceTree = "<group>"; };
		15E362FC23D659B1003E936E /* Preview Assets.xcassets */ = {isa = PBXFileReference; lastKnownFileType = folder.assetcatalog; path = "Preview Assets.xcassets"; sourceTree = "<group>"; };
		15E362FF23D659B1003E936E /* Base */ = {isa = PBXFileReference; lastKnownFileType = file.storyboard; name = Base; path = Base.lproj/LaunchScreen.storyboard; sourceTree = "<group>"; };
		15E3630123D659B1003E936E /* Info.plist */ = {isa = PBXFileReference; lastKnownFileType = text.plist.xml; path = Info.plist; sourceTree = "<group>"; };
		15E3630823D660C9003E936E /* NetworkManager.swift */ = {isa = PBXFileReference; lastKnownFileType = sourcecode.swift; path = NetworkManager.swift; sourceTree = "<group>"; };
		15E3630A23D661A8003E936E /* PostData.swift */ = {isa = PBXFileReference; lastKnownFileType = sourcecode.swift; path = PostData.swift; sourceTree = "<group>"; };
		15E3630D23D76C99003E936E /* DetailView.swift */ = {isa = PBXFileReference; lastKnownFileType = sourcecode.swift; path = DetailView.swift; sourceTree = "<group>"; };
/* End PBXFileReference section */

/* Begin PBXFrameworksBuildPhase section */
		15E362ED23D659AE003E936E /* Frameworks */ = {
			isa = PBXFrameworksBuildPhase;
			buildActionMask = 2147483647;
			files = (
			);
			runOnlyForDeploymentPostprocessing = 0;
		};
/* End PBXFrameworksBuildPhase section */

/* Begin PBXGroup section */
		15E362E723D659AE003E936E = {
			isa = PBXGroup;
			children = (
				15E362F223D659AF003E936E /* Hacker_Newsfeed */,
				15E362F123D659AF003E936E /* Products */,
			);
			sourceTree = "<group>";
		};
		15E362F123D659AF003E936E /* Products */ = {
			isa = PBXGroup;
			children = (
				15E362F023D659AF003E936E /* Hacker_Newsfeed.app */,
			);
			name = Products;
			sourceTree = "<group>";
		};
		15E362F223D659AF003E936E /* Hacker_Newsfeed */ = {
			isa = PBXGroup;
			children = (
				15B3BE9D23D774680075F8B4 /* Hacker_Newsfeed.entitlements */,
				15E362F323D659AF003E936E /* AppDelegate.swift */,
				15E362F523D659AF003E936E /* SceneDelegate.swift */,
				15E3630C23D76C84003E936E /* Views */,
				15E3630723D660B6003E936E /* Models */,
				15E362F923D659B1003E936E /* Assets.xcassets */,
				15E362FE23D659B1003E936E /* LaunchScreen.storyboard */,
				15E3630123D659B1003E936E /* Info.plist */,
				15E362FB23D659B1003E936E /* Preview Content */,
			);
			path = Hacker_Newsfeed;
			sourceTree = "<group>";
		};
		15E362FB23D659B1003E936E /* Preview Content */ = {
			isa = PBXGroup;
			children = (
				15E362FC23D659B1003E936E /* Preview Assets.xcassets */,
			);
			path = "Preview Content";
			sourceTree = "<group>";
		};
		15E3630723D660B6003E936E /* Models */ = {
			isa = PBXGroup;
			children = (
				15E3630823D660C9003E936E /* NetworkManager.swift */,
				15E3630A23D661A8003E936E /* PostData.swift */,
			);
			path = Models;
			sourceTree = "<group>";
		};
		15E3630C23D76C84003E936E /* Views */ = {
			isa = PBXGroup;
			children = (
				15E362F723D659AF003E936E /* ContentView.swift */,
				15E3630D23D76C99003E936E /* DetailView.swift */,
				15B3BE9B23D771590075F8B4 /* WebView.swift */,
			);
			path = Views;
			sourceTree = "<group>";
		};
/* End PBXGroup section */

/* Begin PBXNativeTarget section */
		15E362EF23D659AE003E936E /* Hacker_Newsfeed */ = {
			isa = PBXNativeTarget;
			buildConfigurationList = 15E3630423D659B1003E936E /* Build configuration list for PBXNativeTarget "Hacker_Newsfeed" */;
			buildPhases = (
				15E362EC23D659AE003E936E /* Sources */,
				15E362ED23D659AE003E936E /* Frameworks */,
				15E362EE23D659AE003E936E /* Resources */,
			);
			buildRules = (
			);
			dependencies = (
			);
			name = Hacker_Newsfeed;
			productName = Hacker_Newsfeed;
			productReference = 15E362F023D659AF003E936E /* Hacker_Newsfeed.app */;
			productType = "com.apple.product-type.application";
		};
/* End PBXNativeTarget section */

/* Begin PBXProject section */
		15E362E823D659AE003E936E /* Project object */ = {
			isa = PBXProject;
			attributes = {
				LastSwiftUpdateCheck = 1130;
				LastUpgradeCheck = 1130;
				ORGANIZATIONNAME = anandbatjargal;
				TargetAttributes = {
					15E362EF23D659AE003E936E = {
						CreatedOnToolsVersion = 11.3.1;
					};
				};
			};
			buildConfigurationList = 15E362EB23D659AE003E936E /* Build configuration list for PBXProject "Hacker_Newsfeed" */;
			compatibilityVersion = "Xcode 9.3";
			developmentRegion = en;
			hasScannedForEncodings = 0;
			knownRegions = (
				en,
				Base,
			);
			mainGroup = 15E362E723D659AE003E936E;
			productRefGroup = 15E362F123D659AF003E936E /* Products */;
			projectDirPath = "";
			projectRoot = "";
			targets = (
				15E362EF23D659AE003E936E /* Hacker_Newsfeed */,
			);
		};
/* End PBXProject section */

/* Begin PBXResourcesBuildPhase section */
		15E362EE23D659AE003E936E /* Resources */ = {
			isa = PBXResourcesBuildPhase;
			buildActionMask = 2147483647;
			files = (
				15E3630023D659B1003E936E /* LaunchScreen.storyboard in Resources */,
				15E362FD23D659B1003E936E /* Preview Assets.xcassets in Resources */,
				15E362FA23D659B1003E936E /* Assets.xcassets in Resources */,
			);
			runOnlyForDeploymentPostprocessing = 0;
		};
/* End PBXResourcesBuildPhase section */

/* Begin PBXSourcesBuildPhase section */
		15E362EC23D659AE003E936E /* Sources */ = {
			isa = PBXSourcesBuildPhase;
			buildActionMask = 2147483647;
			files = (
				15E3630B23D661A8003E936E /* PostData.swift in Sources */,
				15E3630E23D76C99003E936E /* DetailView.swift in Sources */,
				15E362F423D659AF003E936E /* AppDelegate.swift in Sources */,
				15E3630923D660C9003E936E /* NetworkManager.swift in Sources */,
				15E362F623D659AF003E936E /* SceneDelegate.swift in Sources */,
				15E362F823D659AF003E936E /* ContentView.swift in Sources */,
				15B3BE9C23D771590075F8B4 /* WebView.swift in Sources */,
			);
			runOnlyForDeploymentPostprocessing = 0;
		};
/* End PBXSourcesBuildPhase section */

/* Begin PBXVariantGroup section */
		15E362FE23D659B1003E936E /* LaunchScreen.storyboard */ = {
			isa = PBXVariantGroup;
			children = (
				15E362FF23D659B1003E936E /* Base */,
			);
			name = LaunchScreen.storyboard;
			sourceTree = "<group>";
		};
/* End PBXVariantGroup section */

/* Begin XCBuildConfiguration section */
		15E3630223D659B1003E936E /* Debug */ = {
			isa = XCBuildConfiguration;
			buildSettings = {
				ALWAYS_SEARCH_USER_PATHS = NO;
				CLANG_ANALYZER_NONNULL = YES;
				CLANG_ANALYZER_NUMBER_OBJECT_CONVERSION = YES_AGGRESSIVE;
				CLANG_CXX_LANGUAGE_STANDARD = "gnu++14";
				CLANG_CXX_LIBRARY = "libc++";
				CLANG_ENABLE_MODULES = YES;
				CLANG_ENABLE_OBJC_ARC = YES;
				CLANG_ENABLE_OBJC_WEAK = YES;
				CLANG_WARN_BLOCK_CAPTURE_AUTORELEASING = YES;
				CLANG_WARN_BOOL_CONVERSION = YES;
				CLANG_WARN_COMMA = YES;
				CLANG_WARN_CONSTANT_CONVERSION = YES;
				CLANG_WARN_DEPRECATED_OBJC_IMPLEMENTATIONS = YES;
				CLANG_WARN_DIRECT_OBJC_ISA_USAGE = YES_ERROR;
				CLANG_WARN_DOCUMENTATION_COMMENTS = YES;
				CLANG_WARN_EMPTY_BODY = YES;
				CLANG_WARN_ENUM_CONVERSION = YES;
				CLANG_WARN_INFINITE_RECURSION = YES;
				CLANG_WARN_INT_CONVERSION = YES;
				CLANG_WARN_NON_LITERAL_NULL_CONVERSION = YES;
				CLANG_WARN_OBJC_IMPLICIT_RETAIN_SELF = YES;
				CLANG_WARN_OBJC_LITERAL_CONVERSION = YES;
				CLANG_WARN_OBJC_ROOT_CLASS = YES_ERROR;
				CLANG_WARN_RANGE_LOOP_ANALYSIS = YES;
				CLANG_WARN_STRICT_PROTOTYPES = YES;
				CLANG_WARN_SUSPICIOUS_MOVE = YES;
				CLANG_WARN_UNGUARDED_AVAILABILITY = YES_AGGRESSIVE;
				CLANG_WARN_UNREACHABLE_CODE = YES;
				CLANG_WARN__DUPLICATE_METHOD_MATCH = YES;
				COPY_PHASE_STRIP = NO;
				DEBUG_INFORMATION_FORMAT = dwarf;
				ENABLE_STRICT_OBJC_MSGSEND = YES;
				ENABLE_TESTABILITY = YES;
				GCC_C_LANGUAGE_STANDARD = gnu11;
				GCC_DYNAMIC_NO_PIC = NO;
				GCC_NO_COMMON_BLOCKS = YES;
				GCC_OPTIMIZATION_LEVEL = 0;
				GCC_PREPROCESSOR_DEFINITIONS = (
					"DEBUG=1",
					"$(inherited)",
				);
				GCC_WARN_64_TO_32_BIT_CONVERSION = YES;
				GCC_WARN_ABOUT_RETURN_TYPE = YES_ERROR;
				GCC_WARN_UNDECLARED_SELECTOR = YES;
				GCC_WARN_UNINITIALIZED_AUTOS = YES_AGGRESSIVE;
				GCC_WARN_UNUSED_FUNCTION = YES;
				GCC_WARN_UNUSED_VARIABLE = YES;
				IPHONEOS_DEPLOYMENT_TARGET = 13.2;
				MTL_ENABLE_DEBUG_INFO = INCLUDE_SOURCE;
				MTL_FAST_MATH = YES;
				ONLY_ACTIVE_ARCH = YES;
				SDKROOT = iphoneos;
				SWIFT_ACTIVE_COMPILATION_CONDITIONS = DEBUG;
				SWIFT_OPTIMIZATION_LEVEL = "-Onone";
			};
			name = Debug;
		};
		15E3630323D659B1003E936E /* Release */ = {
			isa = XCBuildConfiguration;
			buildSettings = {
				ALWAYS_SEARCH_USER_PATHS = NO;
				CLANG_ANALYZER_NONNULL = YES;
				CLANG_ANALYZER_NUMBER_OBJECT_CONVERSION = YES_AGGRESSIVE;
				CLANG_CXX_LANGUAGE_STANDARD = "gnu++14";
				CLANG_CXX_LIBRARY = "libc++";
				CLANG_ENABLE_MODULES = YES;
				CLANG_ENABLE_OBJC_ARC = YES;
				CLANG_ENABLE_OBJC_WEAK = YES;
				CLANG_WARN_BLOCK_CAPTURE_AUTORELEASING = YES;
				CLANG_WARN_BOOL_CONVERSION = YES;
				CLANG_WARN_COMMA = YES;
				CLANG_WARN_CONSTANT_CONVERSION = YES;
				CLANG_WARN_DEPRECATED_OBJC_IMPLEMENTATIONS = YES;
				CLANG_WARN_DIRECT_OBJC_ISA_USAGE = YES_ERROR;
				CLANG_WARN_DOCUMENTATION_COMMENTS = YES;
				CLANG_WARN_EMPTY_BODY = YES;
				CLANG_WARN_ENUM_CONVERSION = YES;
				CLANG_WARN_INFINITE_RECURSION = YES;
				CLANG_WARN_INT_CONVERSION = YES;
				CLANG_WARN_NON_LITERAL_NULL_CONVERSION = YES;
				CLANG_WARN_OBJC_IMPLICIT_RETAIN_SELF = YES;
				CLANG_WARN_OBJC_LITERAL_CONVERSION = YES;
				CLANG_WARN_OBJC_ROOT_CLASS = YES_ERROR;
				CLANG_WARN_RANGE_LOOP_ANALYSIS = YES;
				CLANG_WARN_STRICT_PROTOTYPES = YES;
				CLANG_WARN_SUSPICIOUS_MOVE = YES;
				CLANG_WARN_UNGUARDED_AVAILABILITY = YES_AGGRESSIVE;
				CLANG_WARN_UNREACHABLE_CODE = YES;
				CLANG_WARN__DUPLICATE_METHOD_MATCH = YES;
				COPY_PHASE_STRIP = NO;
				DEBUG_INFORMATION_FORMAT = "dwarf-with-dsym";
				ENABLE_NS_ASSERTIONS = NO;
				ENABLE_STRICT_OBJC_MSGSEND = YES;
				GCC_C_LANGUAGE_STANDARD = gnu11;
				GCC_NO_COMMON_BLOCKS = YES;
				GCC_WARN_64_TO_32_BIT_CONVERSION = YES;
				GCC_WARN_ABOUT_RETURN_TYPE = YES_ERROR;
				GCC_WARN_UNDECLARED_SELECTOR = YES;
				GCC_WARN_UNINITIALIZED_AUTOS = YES_AGGRESSIVE;
				GCC_WARN_UNUSED_FUNCTION = YES;
				GCC_WARN_UNUSED_VARIABLE = YES;
				IPHONEOS_DEPLOYMENT_TARGET = 13.2;
				MTL_ENABLE_DEBUG_INFO = NO;
				MTL_FAST_MATH = YES;
				SDKROOT = iphoneos;
				SWIFT_COMPILATION_MODE = wholemodule;
				SWIFT_OPTIMIZATION_LEVEL = "-O";
				VALIDATE_PRODUCT = YES;
			};
			name = Release;
		};
		15E3630523D659B1003E936E /* Debug */ = {
			isa = XCBuildConfiguration;
			buildSettings = {
				ASSETCATALOG_COMPILER_APPICON_NAME = AppIcon;
				CODE_SIGN_ENTITLEMENTS = Hacker_Newsfeed/Hacker_Newsfeed.entitlements;
				CODE_SIGN_STYLE = Automatic;
				DERIVE_MACCATALYST_PRODUCT_BUNDLE_IDENTIFIER = YES;
				DEVELOPMENT_ASSET_PATHS = "\"Hacker_Newsfeed/Preview Content\"";
				DEVELOPMENT_TEAM = 85RCG4JCT7;
				ENABLE_PREVIEWS = YES;
				INFOPLIST_FILE = Hacker_Newsfeed/Info.plist;
				LD_RUNPATH_SEARCH_PATHS = (
					"$(inherited)",
					"@executable_path/Frameworks",
				);
				PRODUCT_BUNDLE_IDENTIFIER = "com.anandbatjargal.Hacker-Newsfeed";
				PRODUCT_NAME = "$(TARGET_NAME)";
				SUPPORTS_MACCATALYST = YES;
				SWIFT_VERSION = 5.0;
				TARGETED_DEVICE_FAMILY = "1,2";
			};
			name = Debug;
		};
		15E3630623D659B1003E936E /* Release */ = {
			isa = XCBuildConfiguration;
			buildSettings = {
				ASSETCATALOG_COMPILER_APPICON_NAME = AppIcon;
				CODE_SIGN_ENTITLEMENTS = Hacker_Newsfeed/Hacker_Newsfeed.entitlements;
				CODE_SIGN_STYLE = Automatic;
				DERIVE_MACCATALYST_PRODUCT_BUNDLE_IDENTIFIER = YES;
				DEVELOPMENT_ASSET_PATHS = "\"Hacker_Newsfeed/Preview Content\"";
				DEVELOPMENT_TEAM = 85RCG4JCT7;
				ENABLE_PREVIEWS = YES;
				INFOPLIST_FILE = Hacker_Newsfeed/Info.plist;
				LD_RUNPATH_SEARCH_PATHS = (
					"$(inherited)",
					"@executable_path/Frameworks",
				);
				PRODUCT_BUNDLE_IDENTIFIER = "com.anandbatjargal.Hacker-Newsfeed";
				PRODUCT_NAME = "$(TARGET_NAME)";
				SUPPORTS_MACCATALYST = YES;
				SWIFT_VERSION = 5.0;
				TARGETED_DEVICE_FAMILY = "1,2";
			};
			name = Release;
		};
/* End XCBuildConfiguration section */

/* Begin XCConfigurationList section */
		15E362EB23D659AE003E936E /* Build configuration list for PBXProject "Hacker_Newsfeed" */ = {
			isa = XCConfigurationList;
			buildConfigurations = (
				15E3630223D659B1003E936E /* Debug */,
				15E3630323D659B1003E936E /* Release */,
			);
			defaultConfigurationIsVisible = 0;
			defaultConfigurationName = Release;
		};
		15E3630423D659B1003E936E /* Build configuration list for PBXNativeTarget "Hacker_Newsfeed" */ = {
			isa = XCConfigurationList;
			buildConfigurations = (
				15E3630523D659B1003E936E /* Debug */,
				15E3630623D659B1003E936E /* Release */,
			);
			defaultConfigurationIsVisible = 0;
			defaultConfigurationName = Release;
		};
/* End XCConfigurationList section */
	};
	rootObject = 15E362E823D659AE003E936E /* Project object */;
}
